
Microsoft Visual Studio Solution File, Format Version 12.00
# Visual Studio Version 16
VisualStudioVersion = 16.0.30523.141
MinimumVisualStudioVersion = 10.0.40219.1
Project("{FAE04EC0-301F-11D3-BF4B-00C04F79EFBC}") = "LabbWpf", "LabbWpf\LabbWpf.csproj", "{2378E896-C489-4A69-9BFD-062A71E5AD96}"
EndProject
Global
	GlobalSection(SolutionConfigurationPlatforms) = preSolution
		Debug|Any CPU = Debug|Any CPU
		Release|Any CPU = Release|Any CPU
	EndGlobalSection
	GlobalSection(ProjectConfigurationPlatforms) = postSolution
		{2378E896-C489-4A69-9BFD-062A71E5AD96}.Debug|Any CPU.ActiveCfg = Debug|Any CPU
		{2378E896-C489-4A69-9BFD-062A71E5AD96}.Debug|Any CPU.Build.0 = Debug|Any CPU
		{2378E896-C489-4A69-9BFD-062A71E5AD96}.Release|Any CPU.ActiveCfg = Release|Any CPU
		{2378E896-C489-4A69-9BFD-062A71E5AD96}.Release|Any CPU.Build.0 = Release|Any CPU
	EndGlobalSection
	GlobalSection(SolutionProperties) = preSolution
		HideSolutionNode = FALSE
	EndGlobalSection
	GlobalSection(ExtensibilityGlobals) = postSolution
		SolutionGuid = {667296B6-389B-4104-9B41-29C720C6C885}
	EndGlobalSection
EndGlobal
